
Microsoft Visual Studio Solution File, Format Version 11.00
# Visual Studio 2010
Project("{FAE04EC0-301F-11D3-BF4B-00C04F79EFBC}") = "Syoya_CGkadai", "Assembly-CSharp.csproj", "{D9CF7E7B-BEDB-BDCA-0352-535631BD313F}"
EndProject
Project("{FAE04EC0-301F-11D3-BF4B-00C04F79EFBC}") = "Syoya_CGkadai", "Assembly-CSharp-Editor.csproj", "{BC629021-F388-1DB8-BD1C-732341F7D570}"
EndProject
Global
	GlobalSection(SolutionConfigurationPlatforms) = preSolution
		Debug|Any CPU = Debug|Any CPU
		Release|Any CPU = Release|Any CPU
	EndGlobalSection
	GlobalSection(ProjectConfigurationPlatforms) = postSolution
		{D9CF7E7B-BEDB-BDCA-0352-535631BD313F}.Debug|Any CPU.ActiveCfg = Debug|Any CPU
		{D9CF7E7B-BEDB-BDCA-0352-535631BD313F}.Debug|Any CPU.Build.0 = Debug|Any CPU
		{D9CF7E7B-BEDB-BDCA-0352-535631BD313F}.Release|Any CPU.ActiveCfg = Release|Any CPU
		{D9CF7E7B-BEDB-BDCA-0352-535631BD313F}.Release|Any CPU.Build.0 = Release|Any CPU
		{BC629021-F388-1DB8-BD1C-732341F7D570}.Debug|Any CPU.ActiveCfg = Debug|Any CPU
		{BC629021-F388-1DB8-BD1C-732341F7D570}.Debug|Any CPU.Build.0 = Debug|Any CPU
		{BC629021-F388-1DB8-BD1C-732341F7D570}.Release|Any CPU.ActiveCfg = Release|Any CPU
		{BC629021-F388-1DB8-BD1C-732341F7D570}.Release|Any CPU.Build.0 = Release|Any CPU
	EndGlobalSection
	GlobalSection(SolutionProperties) = preSolution
		HideSolutionNode = FALSE
	EndGlobalSection
	GlobalSection(MonoDevelopProperties) = preSolution
		StartupItem = Assembly-CSharp.csproj
	EndGlobalSection
EndGlobal
